# This file is @generated by PDM.
# It is not intended for manual editing.

[metadata]
groups = ["default"]
strategy = ["inherit_metadata"]
lock_version = "4.5.0"
content_hash = "sha256:38701efdbe896c5b254766a76816be7ec8e1f4cdacaff0c66772a94ee65a93c1"

[[metadata.targets]]
requires_python = "==3.11.*"
